# Generated by conda-lock.
# platform: osx-64
# input_hash: 6748ef7224b27404274cfb8003511a5f65a1e1904a795c5d62778a40baff3e77
@EXPLICIT
https://conda.anaconda.org/conda-forge/osx-64/aws-c-common-0.6.2-h0d85af4_0.tar.bz2#0f72a3415c40ead80c978fec230f49ee
https://conda.anaconda.org/conda-forge/osx-64/bzip2-1.0.8-h0d85af4_4.tar.bz2#37edc4e6304ca87316e160f5ca0bd1b5
https://conda.anaconda.org/conda-forge/osx-64/c-ares-1.17.2-h0d85af4_0.tar.bz2#133e6624e8c549a83f5350847d3e0a43
https://conda.anaconda.org/conda-forge/osx-64/ca-certificates-2021.10.8-h033912b_0.tar.bz2#bb82d0243db9882b509702ecb69e38f0
https://conda.anaconda.org/conda-forge/osx-64/libbrotlicommon-1.0.9-h0d85af4_5.tar.bz2#6960869602b2c5c7846dcec3449990cc
https://conda.anaconda.org/conda-forge/osx-64/libcxx-12.0.1-habf9029_0.tar.bz2#49c188a7f9c7c9ddabafc80cc5625bb7
https://conda.anaconda.org/conda-forge/osx-64/libev-4.33-haf1e3a3_1.tar.bz2#79dc2be110b2a3d1e97ec21f691c50ad
https://conda.anaconda.org/conda-forge/osx-64/libutf8proc-2.6.1-h35c211d_0.tar.bz2#32c996bd8524fd71ba77c65242906850
https://conda.anaconda.org/conda-forge/osx-64/libzlib-1.2.11-h9173be1_1013.tar.bz2#a3a6a53beaa92c5cfe52ee3a198e78cc
https://conda.anaconda.org/conda-forge/osx-64/llvm-openmp-12.0.1-hda6cdc1_1.tar.bz2#35b1fd6ed9f0f1c68583dc9c9f672513
https://conda.anaconda.org/conda-forge/osx-64/ncurses-6.2-h2e338ed_4.tar.bz2#9cef1910395d1543527583e73dba30f1
https://conda.anaconda.org/conda-forge/osx-64/xz-5.2.5-haf1e3a3_1.tar.bz2#41116deb499e9bc58048c297d6403ce6
https://conda.anaconda.org/conda-forge/osx-64/abseil-cpp-20210324.2-he49afe7_0.tar.bz2#7ada5c1455955c8fee7c8ee3beace5f4
https://conda.anaconda.org/conda-forge/osx-64/aws-checksums-0.1.11-h0010a65_7.tar.bz2#c86bc781dc7b3ba4e6130ffb14da0d6b
https://conda.anaconda.org/conda-forge/osx-64/blosc-1.21.0-he49afe7_0.tar.bz2#95ea0559c188b34a888d42545c580268
https://conda.anaconda.org/conda-forge/osx-64/gflags-2.2.2-hb1e8313_1004.tar.bz2#3f59cc77a929537e42120faf104e0d16
https://conda.anaconda.org/conda-forge/osx-64/libbrotlidec-1.0.9-h0d85af4_5.tar.bz2#9b2731519a0a951f6a0e530813c13153
https://conda.anaconda.org/conda-forge/osx-64/libbrotlienc-1.0.9-h0d85af4_5.tar.bz2#f8a82c09a3de542a7d7ce7c7eaefcf98
https://conda.anaconda.org/conda-forge/osx-64/libedit-3.1.20191231-h0678c8f_2.tar.bz2#6016a8a1d0e63cac3de2c352cd40208b
https://conda.anaconda.org/conda-forge/osx-64/libffi-3.4.2-he49afe7_4.tar.bz2#48225bf0af2dafda90351a29deb33d13
https://conda.anaconda.org/conda-forge/osx-64/libgfortran5-9.3.0-h6c81a4c_23.tar.bz2#a6956ceb628b14594613cefee5127a7a
https://conda.anaconda.org/conda-forge/osx-64/lz4-c-1.9.3-he49afe7_1.tar.bz2#05c08241b66631c00ca4f9e0b75320bc
https://conda.anaconda.org/conda-forge/osx-64/openssl-1.1.1l-h0d85af4_0.tar.bz2#f7bcdbb7a5dae97030eee20b884b1f8a
https://conda.anaconda.org/conda-forge/osx-64/re2-2021.09.01-he49afe7_0.tar.bz2#533878cbb52088422e3deb3904ccb3ed
https://conda.anaconda.org/conda-forge/osx-64/readline-8.1-h05e3726_0.tar.bz2#2832e9b6a7caa7cb192fcda6cfcd8871
https://conda.anaconda.org/conda-forge/osx-64/snappy-1.1.8-hb1e8313_3.tar.bz2#73b65b3935375b56deb96f6794ed721e
https://conda.anaconda.org/conda-forge/osx-64/zlib-1.2.11-h9173be1_1013.tar.bz2#cf985617d679990418c380099620b01a
https://conda.anaconda.org/conda-forge/osx-64/aws-c-cal-0.5.11-hd2e2f4b_0.tar.bz2#09bd616bd04399d208dc06b909a5e1c0
https://conda.anaconda.org/conda-forge/osx-64/glog-0.5.0-h25b26a9_0.tar.bz2#b2553b0a3fa0b47e8f8c4095be26fdc5
https://conda.anaconda.org/conda-forge/osx-64/libevent-2.1.10-h815e4d9_4.tar.bz2#adc6c89498c5f6fe5ba874d8259e7eeb
https://conda.anaconda.org/conda-forge/osx-64/libgfortran-5.0.0-9_3_0_h6c81a4c_23.tar.bz2#60f48cef2d50674e0428c5579b6c3f66
https://conda.anaconda.org/conda-forge/osx-64/libllvm10-10.0.1-h009f743_3.tar.bz2#cc65eb0b26253d2789320bfd661852f9
https://conda.anaconda.org/conda-forge/osx-64/libnghttp2-1.43.0-h6f36284_1.tar.bz2#8489d081927ce544b21a64c9e1c254ee
https://conda.anaconda.org/conda-forge/osx-64/libprotobuf-3.18.1-hcf210ce_0.tar.bz2#2d787d9621224ccc09bc85ce9fc0aead
https://conda.anaconda.org/conda-forge/osx-64/libssh2-1.10.0-h52ee1ee_2.tar.bz2#8c8f3804e8e252b47443cfe8e40eddf9
https://conda.anaconda.org/conda-forge/osx-64/sqlite-3.36.0-h23a322b_2.tar.bz2#9683f769193cd3148dc1fbeb59093921
https://conda.anaconda.org/conda-forge/osx-64/tk-8.6.11-h5dbffcc_1.tar.bz2#e35b11155bd70facee39dfdec7368ad0
https://conda.anaconda.org/conda-forge/osx-64/zstd-1.5.0-h582d3a0_0.tar.bz2#96a04eeb0146059f0c2d63491f77d6d0
https://conda.anaconda.org/conda-forge/osx-64/aws-c-io-0.10.5-h35aa462_0.tar.bz2#2647690fb7719e72da8a547c2c845708
https://conda.anaconda.org/conda-forge/osx-64/grpc-cpp-1.40.0-h8fdf118_2.tar.bz2#185c3e560d61b05179aadd563903baf1
https://conda.anaconda.org/conda-forge/osx-64/krb5-1.19.2-hcfbf3a7_2.tar.bz2#ca27ac57462b96f074f41d994b74da56
https://conda.anaconda.org/conda-forge/osx-64/libopenblas-0.3.18-openmp_h3351f45_0.tar.bz2#a0636ed965924977a848fd0d0258cf17
https://conda.anaconda.org/conda-forge/osx-64/libthrift-0.15.0-hab56fdc_1.tar.bz2#eb324eaedfe67a037fab3eaf352a5175
https://conda.anaconda.org/conda-forge/osx-64/orc-1.7.0-hf163092_0.tar.bz2#bd701ea0811c02c70944d6b0f1136241
https://conda.anaconda.org/conda-forge/osx-64/python-3.7.10-haf480d7_104_cpython.tar.bz2#b7152fb1d61dacec2d2d02c349bcf9e1
https://conda.anaconda.org/conda-forge/noarch/alabaster-0.7.12-py_0.tar.bz2#2489a97287f90176ecdc3ca982b4b0a0
https://conda.anaconda.org/conda-forge/noarch/attrs-21.2.0-pyhd8ed1ab_0.tar.bz2#d2e1c7f388ac403df7079b411c37cc50
https://conda.anaconda.org/conda-forge/osx-64/aws-c-event-stream-0.2.7-hb9330a7_13.tar.bz2#d7319f5973bc93e63eb1b32dbb4d03b8
https://conda.anaconda.org/conda-forge/noarch/backcall-0.2.0-pyh9f0ad1d_0.tar.bz2#6006a6d08a3fa99268a2681c7fb55213
https://conda.anaconda.org/conda-forge/noarch/backports-1.0-py_2.tar.bz2#0da16b293affa6ac31812376f8eb79dd
https://conda.anaconda.org/conda-forge/noarch/charset-normalizer-2.0.0-pyhd8ed1ab_0.tar.bz2#4a57e24d5b759893615c05926b7b5fb9
https://conda.anaconda.org/conda-forge/noarch/colorama-0.4.4-pyh9f0ad1d_0.tar.bz2#c08b4c1326b880ed44f3ffb04803332f
https://conda.anaconda.org/conda-forge/noarch/decorator-5.1.0-pyhd8ed1ab_0.tar.bz2#71b13ba2e0efcff45646f05d619534b0
https://conda.anaconda.org/conda-forge/noarch/docopt-0.6.2-py_1.tar.bz2#a9ed63e45579cfef026a916af2bc27c9
https://conda.anaconda.org/conda-forge/noarch/idna-3.1-pyhd3deb0d_0.tar.bz2#9c9aea4b8391264477df484f798562d0
https://conda.anaconda.org/conda-forge/noarch/imagesize-1.2.0-py_0.tar.bz2#5879bd2c4b399a5072468e5fe587bf1b
https://conda.anaconda.org/conda-forge/noarch/iniconfig-1.1.1-pyh9f0ad1d_0.tar.bz2#39161f81cc5e5ca45b8226fbb06c6905
https://conda.anaconda.org/conda-forge/osx-64/libblas-3.9.0-12_osx64_openblas.tar.bz2#3d38a706f06849a4b08f8a3f642bec93
https://conda.anaconda.org/conda-forge/osx-64/libcurl-7.79.1-hf45b732_1.tar.bz2#41b4362d0cfe1d2c06159ce24c2349e7
https://conda.anaconda.org/conda-forge/noarch/mccabe-0.6.1-py_1.tar.bz2#a326cb400c1ccd91789f3e7d02124d61
https://conda.anaconda.org/conda-forge/noarch/more-itertools-8.10.0-pyhd8ed1ab_0.tar.bz2#24a4379cfc9ba76a7ad238e5c32a6c68
https://conda.anaconda.org/conda-forge/noarch/parso-0.8.2-pyhd8ed1ab_0.tar.bz2#fb40b157bd62b457a1cc82527b63f0b0
https://conda.anaconda.org/conda-forge/noarch/pickleshare-0.7.5-py_1003.tar.bz2#415f0ebb6198cc2801c73438a9fb5761
https://conda.anaconda.org/conda-forge/noarch/ptyprocess-0.7.0-pyhd3deb0d_0.tar.bz2#359eeb6536da0e687af562ed265ec263
https://conda.anaconda.org/conda-forge/noarch/py-1.10.0-pyhd3deb0d_0.tar.bz2#88ca1328ecc79a070214aa24911bace8
https://conda.anaconda.org/conda-forge/noarch/pycodestyle-2.8.0-pyhd8ed1ab_0.tar.bz2#f2532eee272d45b1283ea4869d71f044
https://conda.anaconda.org/conda-forge/noarch/pycparser-2.20-pyh9f0ad1d_2.tar.bz2#aa798d50ffd182a0f6f31478c7f434f6
https://conda.anaconda.org/conda-forge/noarch/pyflakes-2.4.0-pyhd8ed1ab_0.tar.bz2#1aa3ecd37d0694e2ea5fef48da75371e
https://conda.anaconda.org/conda-forge/noarch/pyparsing-2.4.7-pyh9f0ad1d_0.tar.bz2#626c4f20d5bf06dcec9cf2eaa31725c7
https://conda.anaconda.org/conda-forge/osx-64/python_abi-3.7-2_cp37m.tar.bz2#4b564389f52917cfe8fbc537284d42e6
https://conda.anaconda.org/conda-forge/noarch/pytz-2021.3-pyhd8ed1ab_0.tar.bz2#7e4f811bff46a5a6a7e0094921389395
https://conda.anaconda.org/conda-forge/noarch/six-1.16.0-pyh6c4a22f_0.tar.bz2#e5f25f8dbc060e9a8d912e432202afc2
https://conda.anaconda.org/conda-forge/noarch/snowballstemmer-2.1.0-pyhd8ed1ab_0.tar.bz2#f1d64c0cf0eedf655a96ccdc1573c05a
https://conda.anaconda.org/conda-forge/noarch/sortedcontainers-2.4.0-pyhd8ed1ab_0.tar.bz2#6d6552722448103793743dabfbda532d
https://conda.anaconda.org/conda-forge/noarch/sphinxcontrib-applehelp-1.0.2-py_0.tar.bz2#20b2eaeaeea4ef9a9a0d99770620fd09
https://conda.anaconda.org/conda-forge/noarch/sphinxcontrib-devhelp-1.0.2-py_0.tar.bz2#68e01cac9d38d0e717cd5c87bc3d2cc9
https://conda.anaconda.org/conda-forge/noarch/sphinxcontrib-htmlhelp-2.0.0-pyhd8ed1ab_0.tar.bz2#77dad82eb9c8c1525ff7953e0756d708
https://conda.anaconda.org/conda-forge/noarch/sphinxcontrib-jsmath-1.0.1-py_0.tar.bz2#67cd9d9c0382d37479b4d306c369a2d4
https://conda.anaconda.org/conda-forge/noarch/sphinxcontrib-qthelp-1.0.3-py_0.tar.bz2#d01180388e6d1838c3e1ad029590aa7a
https://conda.anaconda.org/conda-forge/noarch/sphinxcontrib-serializinghtml-1.1.5-pyhd8ed1ab_0.tar.bz2#60e630285f44af05767dcb7f473ee03f
https://conda.anaconda.org/conda-forge/noarch/toml-0.10.2-pyhd8ed1ab_0.tar.bz2#f832c45a477c78bebd107098db465095
https://conda.anaconda.org/conda-forge/noarch/tomli-1.2.1-pyhd8ed1ab_0.tar.bz2#ea475017070fa78c7e988be634e1322c
https://conda.anaconda.org/conda-forge/noarch/tomli-w-0.4.0-pyhd8ed1ab_0.tar.bz2#4c2b38bb1a6c124c5c5d83f030211737
https://conda.anaconda.org/conda-forge/noarch/traitlets-5.1.0-pyhd8ed1ab_0.tar.bz2#f6ba1dcaac382d318901f44c0eb3dcb8
https://conda.anaconda.org/conda-forge/noarch/typing_extensions-3.10.0.2-pyha770c72_0.tar.bz2#85dfd487a244bbe2cf7019ce8a39b5bc
https://conda.anaconda.org/conda-forge/noarch/wheel-0.37.0-pyhd8ed1ab_1.tar.bz2#3aa2c3e25dd361b453d010388b9cdff1
https://conda.anaconda.org/conda-forge/noarch/zipp-3.6.0-pyhd8ed1ab_0.tar.bz2#855e2c4622f5eb50a4f6f7167b9ba17a
https://conda.anaconda.org/conda-forge/osx-64/appnope-0.1.2-py37hf985489_1.tar.bz2#1bee6125d3ade317803d5358ea3f0e83
https://conda.anaconda.org/conda-forge/osx-64/aws-sdk-cpp-1.8.186-h766a74d_3.tar.bz2#0dc120b4121d7aafc66a7ddcdd23bfd9
https://conda.anaconda.org/conda-forge/noarch/babel-2.9.1-pyh44b312d_0.tar.bz2#74136ed39bfea0832d338df1e58d013e
https://conda.anaconda.org/conda-forge/osx-64/certifi-2021.10.8-py37hf985489_0.tar.bz2#5087b2fa244041b8a40e53202801d3b6
https://conda.anaconda.org/conda-forge/osx-64/cffi-1.14.6-py37h446072c_1.tar.bz2#1e296122b54b1084c123176e272a1819
https://conda.anaconda.org/conda-forge/osx-64/chardet-4.0.0-py37hf985489_1.tar.bz2#212f48113f4aa416eb58404fbece967b
https://conda.anaconda.org/conda-forge/osx-64/coverage-6.0.2-py37h271585c_0.tar.bz2#fb3c43229e22fa448948ca0007a34043
https://conda.anaconda.org/conda-forge/osx-64/docutils-0.17.1-py37hf985489_0.tar.bz2#7b24667e6fd1b832fc9dc40951272ec1
https://conda.anaconda.org/conda-forge/noarch/flit-core-3.4.0-pyhd8ed1ab_0.tar.bz2#43ed2dde3d0f61b238b69d174f4d7da1
https://conda.anaconda.org/conda-forge/osx-64/importlib-metadata-4.8.1-py37hf985489_0.tar.bz2#83f17c96e9857165aefa65f246176bab
https://conda.anaconda.org/conda-forge/osx-64/jedi-0.18.0-py37hf985489_2.tar.bz2#8cf41e3992c9d1ae8549dfaf03d4bc14
https://conda.anaconda.org/conda-forge/osx-64/libcblas-3.9.0-12_osx64_openblas.tar.bz2#0cb9afc4cfdc6e95aa38328fc1befa05
https://conda.anaconda.org/conda-forge/osx-64/liblapack-3.9.0-12_osx64_openblas.tar.bz2#ca35c8b85ced3a53059c7a001518cbae
https://conda.anaconda.org/conda-forge/osx-64/llvmlite-0.36.0-py37h62ea057_0.tar.bz2#29b97546521cad2c06c0a4b44f4f3917
https://conda.anaconda.org/conda-forge/osx-64/markupsafe-2.0.1-py37h271585c_0.tar.bz2#e3488847e5c3bba390401e73a820a0d6
https://conda.anaconda.org/conda-forge/noarch/matplotlib-inline-0.1.3-pyhd8ed1ab_0.tar.bz2#be3bfd435802d2c768c6b2439f325f3d
https://conda.anaconda.org/conda-forge/osx-64/msgpack-python-1.0.2-py37h737db71_1.tar.bz2#b7da8e9304a7cec19336ecd7a5101cdc
https://conda.anaconda.org/conda-forge/noarch/packaging-21.0-pyhd8ed1ab_0.tar.bz2#45cfb8e482b5cce8f07c87e0e19a592c
https://conda.anaconda.org/conda-forge/noarch/pexpect-4.8.0-pyh9f0ad1d_2.tar.bz2#5909e7b978141dd80d28dbf9de627827
https://conda.anaconda.org/conda-forge/osx-64/pickle5-0.0.11-py37h271585c_0.tar.bz2#6c6326a989e72c672e856b8c4d766520
https://conda.anaconda.org/conda-forge/osx-64/psutil-5.8.0-py37h271585c_1.tar.bz2#35d263c1450238f58a6f25a779762cf8
https://conda.anaconda.org/conda-forge/osx-64/pysocks-1.7.1-py37hf985489_3.tar.bz2#02bf224638f91b6b695fec5de6bbd860
https://conda.anaconda.org/conda-forge/osx-64/python-blosc-1.10.2-py37hb23ed4d_1.tar.bz2#aa1c3098eb2decc0957fff996234bd5e
https://conda.anaconda.org/conda-forge/noarch/python-dateutil-2.8.2-pyhd8ed1ab_0.tar.bz2#dd999d1cc9f79e67dbb855c8924c7984
https://conda.anaconda.org/conda-forge/osx-64/setuptools-58.2.0-py37hf985489_0.tar.bz2#dbb990b025c3e8ea5f95e15d2155e5bb
https://conda.anaconda.org/conda-forge/osx-64/tornado-6.1-py37h271585c_1.tar.bz2#f4f12c1487879c702e2dcf02de36aaac
https://conda.anaconda.org/conda-forge/noarch/tqdm-4.62.3-pyhd8ed1ab_0.tar.bz2#24ed42db084efd6e615babec03c2b460
https://conda.anaconda.org/conda-forge/noarch/backports.functools_lru_cache-1.6.4-pyhd8ed1ab_0.tar.bz2#c5b3edc62d6309088f4970b3eaaa65a6
https://conda.anaconda.org/conda-forge/osx-64/binpickle-0.3.4-py37hf985489_0.tar.bz2#7a4012cb824ee8fa49ad12732701ea41
https://conda.anaconda.org/conda-forge/osx-64/brotlipy-0.7.0-py37h271585c_1001.tar.bz2#5c1d243f053931c9be18a1ca0aec419e
https://conda.anaconda.org/conda-forge/osx-64/click-8.0.3-py37hf985489_0.tar.bz2#ac9b474d6316a14dcc5bd20a1ac1bfc2
https://conda.anaconda.org/conda-forge/osx-64/cryptography-35.0.0-py37h39b5bc4_0.tar.bz2#f736e7217217cfb796116736b9966d00
https://conda.anaconda.org/conda-forge/noarch/flake8-4.0.1-pyhd8ed1ab_0.tar.bz2#8345403a7a0c5d95bb686fb8257c8638
https://conda.anaconda.org/conda-forge/noarch/importlib_metadata-4.8.1-hd8ed1ab_0.tar.bz2#ce811c521c3a02d7c8ace1cfbd2a0bcd
https://conda.anaconda.org/conda-forge/noarch/jinja2-3.0.2-pyhd8ed1ab_0.tar.bz2#63bce5b7963c5f50273bd86a57b82272
https://conda.anaconda.org/conda-forge/noarch/livereload-2.6.3-pyh9f0ad1d_0.tar.bz2#b7190e3ec3eff52839434bf4698e2d62
https://conda.anaconda.org/conda-forge/osx-64/numpy-1.21.2-py37haefe36b_0.tar.bz2#31b2466e3763bf32651f26571e0f966f
https://conda.anaconda.org/conda-forge/noarch/pip-21.3-pyhd8ed1ab_0.tar.bz2#88e8601cd6bdb2d7725e2c7ceb28286a
https://conda.anaconda.org/conda-forge/noarch/pygments-2.10.0-pyhd8ed1ab_0.tar.bz2#32bcce837f1316f1c3208118b6c5e5fc
https://conda.anaconda.org/conda-forge/osx-64/arrow-cpp-5.0.0-py37h7132d63_8_cpu.tar.bz2#ac6b23e6c9f1dab0a7353f9723dd711c
https://conda.anaconda.org/conda-forge/noarch/hypothesis-6.23.3-pyhd8ed1ab_0.tar.bz2#58ef494cea09a02391fba81c6962937d
https://conda.anaconda.org/conda-forge/osx-64/numba-0.53.1-py37h0183300_1.tar.bz2#c980f3f6f01d82143adfa7ada382bf49
https://conda.anaconda.org/conda-forge/osx-64/pandas-1.3.4-py37h5b83a90_0.tar.bz2#e1b85debfa6a90c50408a77832d51c39
https://conda.anaconda.org/conda-forge/osx-64/pluggy-1.0.0-py37hf985489_1.tar.bz2#9696c58c970dd9c929c0e7ffcbcf6127
https://conda.anaconda.org/conda-forge/noarch/pyopenssl-21.0.0-pyhd8ed1ab_0.tar.bz2#8c49efecb7dca466e18b06015e8c88ce
https://conda.anaconda.org/conda-forge/osx-64/scipy-1.7.1-py37h4e3cf02_0.tar.bz2#ef3c6eb65d77ba046eb726d028e7770c
https://conda.anaconda.org/conda-forge/noarch/seedbank-0.1.1-pyhd8ed1ab_0.tar.bz2#3ec628d98cb24c7404d43b8e0a3277be
https://conda.anaconda.org/conda-forge/noarch/wcwidth-0.2.5-pyh9f0ad1d_2.tar.bz2#5266fcd697043c59621fda522b3d78ee
https://conda.anaconda.org/conda-forge/osx-64/csr-0.4.0-py37h1644560_0.tar.bz2#5e588d8162257a47c6b83d2e341bcc92
https://conda.anaconda.org/conda-forge/noarch/parquet-cpp-1.5.1-2.tar.bz2#79a5f78c42817594ae016a7896521a97
https://conda.anaconda.org/conda-forge/noarch/prompt-toolkit-3.0.20-pyha770c72_0.tar.bz2#98a90e847b48fc14b2d5b12e4884e8d4
https://conda.anaconda.org/conda-forge/osx-64/pytest-6.2.5-py37hf985489_0.tar.bz2#df178db96967cbe57284d2c53df00170
https://conda.anaconda.org/conda-forge/noarch/urllib3-1.26.7-pyhd8ed1ab_0.tar.bz2#be75bab4820a56f77ba1a3fc9139c36a
https://conda.anaconda.org/conda-forge/osx-64/ipython-7.28.0-py37h4c52d7d_0.tar.bz2#d347e0ebce405987b8f9df1b7056619e
https://conda.anaconda.org/conda-forge/osx-64/pyarrow-5.0.0-py37h4536368_8_cpu.tar.bz2#23bdd05907a7e424d4145c0ee89a6fc1
https://conda.anaconda.org/conda-forge/noarch/pytest-cov-3.0.0-pyhd8ed1ab_0.tar.bz2#0f7cac11bb696b62d378bde725bfc3eb
https://conda.anaconda.org/conda-forge/noarch/pytest-doctestplus-0.11.0-pyhd8ed1ab_0.tar.bz2#5c6749296549c480fd9e6940a2577ffa
https://conda.anaconda.org/conda-forge/noarch/requests-2.26.0-pyhd8ed1ab_0.tar.bz2#0ed2ccbde6db9dd5789068eb7194463f
https://conda.anaconda.org/conda-forge/noarch/flit-3.4.0-pyhd8ed1ab_0.tar.bz2#296012f4241ff6ef6ea44c11d0550357
https://conda.anaconda.org/conda-forge/noarch/sphinx-4.2.0-pyh6c4a22f_0.tar.bz2#ea5c6881a11a0d9c4d04f1ebae87bb34
https://conda.anaconda.org/conda-forge/noarch/sphinx-autobuild-2021.3.14-pyhd8ed1ab_0.tar.bz2#1909f784dc37b4ab97afe2c95aeeabaa
