{
  "version": "3",
  "packages": {
    "specifiers": {
      "jsr:@cliffy/command@^1.0.0-rc.7": "jsr:@cliffy/command@1.0.0-rc.7",
      "jsr:@cliffy/flags@1.0.0-rc.7": "jsr:@cliffy/flags@1.0.0-rc.7",
      "jsr:@cliffy/internal@1.0.0-rc.7": "jsr:@cliffy/internal@1.0.0-rc.7",
      "jsr:@cliffy/table@1.0.0-rc.7": "jsr:@cliffy/table@1.0.0-rc.7",
      "jsr:@lenskit/typeline@^0.1.0-beta2": "jsr:@lenskit/typeline@0.1.0-beta2",
      "jsr:@std/assert@^1.0.6": "jsr:@std/assert@1.0.6",
      "jsr:@std/fmt@~1.0.2": "jsr:@std/fmt@1.0.2",
      "jsr:@std/path@^1.0.6": "jsr:@std/path@1.0.6",
      "jsr:@std/text@~1.0.7": "jsr:@std/text@1.0.7",
      "jsr:@std/yaml@^1.0.5": "jsr:@std/yaml@1.0.5"
    },
    "jsr": {
      "@cliffy/command@1.0.0-rc.7": {
        "integrity": "1288808d7a3cd18b86c24c2f920e47a6d954b7e23cadc35c8cbd78f8be41f0cd",
        "dependencies": [
          "jsr:@cliffy/flags@1.0.0-rc.7",
          "jsr:@cliffy/internal@1.0.0-rc.7",
          "jsr:@cliffy/table@1.0.0-rc.7",
          "jsr:@std/fmt@~1.0.2",
          "jsr:@std/text@~1.0.7"
        ]
      },
      "@cliffy/flags@1.0.0-rc.7": {
        "integrity": "318d9be98f6a6417b108e03dec427dea96cdd41a15beb21d2554ae6da450a781",
        "dependencies": [
          "jsr:@std/text@~1.0.7"
        ]
      },
      "@cliffy/internal@1.0.0-rc.7": {
        "integrity": "10412636ab3e67517d448be9eaab1b70c88eba9be22617b5d146257a11cc9b17"
      },
      "@cliffy/table@1.0.0-rc.7": {
        "integrity": "9fdd9776eda28a0b397981c400eeb1aa36da2371b43eefe12e6ff555290e3180",
        "dependencies": [
          "jsr:@std/fmt@~1.0.2"
        ]
      },
      "@lenskit/typeline@0.1.0-beta2": {
        "integrity": "fcca8248b4f8eed1c310aef5d1062b2212d62a057f35bc6f66b7f0d147eef402",
        "dependencies": [
          "jsr:@cliffy/command@^1.0.0-rc.7",
          "jsr:@std/path@^1.0.6",
          "jsr:@std/yaml@^1.0.5"
        ]
      },
      "@std/assert@1.0.6": {
        "integrity": "1904c05806a25d94fe791d6d883b685c9e2dcd60e4f9fc30f4fc5cf010c72207"
      },
      "@std/fmt@1.0.2": {
        "integrity": "87e9dfcdd3ca7c066e0c3c657c1f987c82888eb8103a3a3baa62684ffeb0f7a7"
      },
      "@std/path@1.0.6": {
        "integrity": "ab2c55f902b380cf28e0eec501b4906e4c1960d13f00e11cfbcd21de15f18fed"
      },
      "@std/text@1.0.7": {
        "integrity": "344a820af99fde81ae1d4f9ce586da3f47a58cda25ac4c4dd688166cf5ed97f1"
      },
      "@std/yaml@1.0.5": {
        "integrity": "71ba3d334305ee2149391931508b2c293a8490f94a337eef3a09cade1a2a2742"
      }
    }
  },
  "remote": {},
  "workspace": {
    "dependencies": [
      "jsr:@lenskit/typeline@^0.1.0-beta2",
      "jsr:@std/assert@^1.0.6"
    ]
  }
}
