# @generated - this file is auto-generated by `mise lock` https://mise.jdx.dev/dev-tools/mise-lock.html

[[tools.cargo-binstall]]
version = "1.21.0"
backend = "aqua:cargo-bins/cargo-binstall"

[tools.cargo-binstall."platforms.linux-arm64"]
checksum = "sha256:31f0564854bd031f20c9abfe33312ea630e6a06a2f6d6309b54b5649608f55be"
url = "https://github.com/cargo-bins/cargo-binstall/releases/download/v1.21.0/cargo-binstall-aarch64-unknown-linux-musl.tgz"
url_api = "https://api.github.com/repos/cargo-bins/cargo-binstall/releases/assets/476613087"

[tools.cargo-binstall."platforms.linux-arm64-musl"]
checksum = "sha256:31f0564854bd031f20c9abfe33312ea630e6a06a2f6d6309b54b5649608f55be"
url = "https://github.com/cargo-bins/cargo-binstall/releases/download/v1.21.0/cargo-binstall-aarch64-unknown-linux-musl.tgz"
url_api = "https://api.github.com/repos/cargo-bins/cargo-binstall/releases/assets/476613087"

[tools.cargo-binstall."platforms.linux-x64"]
checksum = "sha256:b1880b3631d1ff0fd1f286a0d20f82f373355651f9fbd7f4d0d7fbfe218bf562"
url = "https://github.com/cargo-bins/cargo-binstall/releases/download/v1.21.0/cargo-binstall-x86_64-unknown-linux-musl.tgz"
url_api = "https://api.github.com/repos/cargo-bins/cargo-binstall/releases/assets/476612736"

[tools.cargo-binstall."platforms.linux-x64-musl"]
checksum = "sha256:b1880b3631d1ff0fd1f286a0d20f82f373355651f9fbd7f4d0d7fbfe218bf562"
url = "https://github.com/cargo-bins/cargo-binstall/releases/download/v1.21.0/cargo-binstall-x86_64-unknown-linux-musl.tgz"
url_api = "https://api.github.com/repos/cargo-bins/cargo-binstall/releases/assets/476612736"

[tools.cargo-binstall."platforms.macos-arm64"]
checksum = "sha256:e44737132b2d0543e72a6f128307ebbf204b171f57b2ea9db55b8bbe54b6b632"
url = "https://github.com/cargo-bins/cargo-binstall/releases/download/v1.21.0/cargo-binstall-aarch64-apple-darwin.zip"
url_api = "https://api.github.com/repos/cargo-bins/cargo-binstall/releases/assets/476613286"

[tools.cargo-binstall."platforms.macos-x64"]
checksum = "sha256:ad7cd72d8074ef613ab392cae291c7c8bcc25a4f6690e726ed665ded8640871e"
url = "https://github.com/cargo-bins/cargo-binstall/releases/download/v1.21.0/cargo-binstall-x86_64-apple-darwin.zip"
url_api = "https://api.github.com/repos/cargo-bins/cargo-binstall/releases/assets/476612855"

[tools.cargo-binstall."platforms.windows-x64"]
checksum = "sha256:f87cc2ca3a103664dab3eac521aa4e49ae72fa0b1e70fba837cd12932001629b"
url = "https://github.com/cargo-bins/cargo-binstall/releases/download/v1.21.0/cargo-binstall-x86_64-pc-windows-msvc.zip"
url_api = "https://api.github.com/repos/cargo-bins/cargo-binstall/releases/assets/476612813"

[[tools."cargo:cargo-binutils"]]
version = "0.3.6"
backend = "cargo:cargo-binutils"

[[tools.java]]
version = "temurin-25.0.3+9.0.LTS"
backend = "core:java"

[tools.java."platforms.linux-arm64"]
checksum = "sha256:3e4287cb98870ba824ed698854bdc27cff984254caf66dd12cc291e7bfdde26b"
url = "https://github.com/adoptium/temurin25-binaries/releases/download/jdk-25.0.3%2B9/OpenJDK25U-jdk_aarch64_linux_hotspot_25.0.3_9.tar.gz"

[tools.java."platforms.linux-arm64-musl"]
checksum = "sha256:6ed368e93049d3b188c045fce0b20953bbea92fe0614dbbf4d3fd8daad7be3b2"
url = "https://github.com/adoptium/temurin25-binaries/releases/download/jdk-25.0.3%2B9/OpenJDK25U-jdk_aarch64_alpine-linux_hotspot_25.0.3_9.tar.gz"

[tools.java."platforms.linux-x64"]
checksum = "sha256:69264a7a211bf5029830d07bc3370f879769d62ebc5b5488e90c9343a2da0e1f"
url = "https://github.com/adoptium/temurin25-binaries/releases/download/jdk-25.0.3%2B9/OpenJDK25U-jdk_x64_linux_hotspot_25.0.3_9.tar.gz"

[tools.java."platforms.linux-x64-musl"]
checksum = "sha256:51c2415b370aac7c3796b0c4663c8fcf91bc22d76f03df95b25fa5667cb5fdd8"
url = "https://github.com/adoptium/temurin25-binaries/releases/download/jdk-25.0.3%2B9/OpenJDK25U-jdk_x64_alpine-linux_hotspot_25.0.3_9.tar.gz"

[tools.java."platforms.macos-arm64"]
checksum = "sha256:7baab4d69a15554e119b86ff78d40e3fdc28819b5b322955c913cebfe3f6a37c"
url = "https://github.com/adoptium/temurin25-binaries/releases/download/jdk-25.0.3%2B9/OpenJDK25U-jdk_aarch64_mac_hotspot_25.0.3_9.tar.gz"

[tools.java."platforms.macos-x64"]
checksum = "sha256:4c539a18b4d656960ff6766727e9ca546fc17f7a29714dba9e7b47bdcb37c447"
url = "https://github.com/adoptium/temurin25-binaries/releases/download/jdk-25.0.3%2B9/OpenJDK25U-jdk_x64_mac_hotspot_25.0.3_9.tar.gz"

[tools.java."platforms.windows-x64"]
checksum = "sha256:709312cd0420296d9b9de917fe6e28a5b979e875ee5ab91783fb79bcd5857235"
url = "https://github.com/adoptium/temurin25-binaries/releases/download/jdk-25.0.3%2B9/OpenJDK25U-jdk_x64_windows_hotspot_25.0.3_9.zip"
