# @generated - this file is auto-generated by `mise lock` https://mise.jdx.dev/dev-tools/mise-lock.html

[[tools.cargo-binstall]]
version = "1.15.9"
backend = "aqua:cargo-bins/cargo-binstall"

[tools.cargo-binstall."platforms.linux-arm64"]
checksum = "sha256:6c7da9456b0a1c947e21f20bc71b23fe15ded57ffb6375f67c011cae38aad0dc"
url = "https://github.com/cargo-bins/cargo-binstall/releases/download/v1.15.9/cargo-binstall-aarch64-unknown-linux-musl.tgz"
url_api = "https://api.github.com/repos/cargo-bins/cargo-binstall/releases/assets/308878477"

[tools.cargo-binstall."platforms.linux-arm64-musl"]
checksum = "sha256:6c7da9456b0a1c947e21f20bc71b23fe15ded57ffb6375f67c011cae38aad0dc"
url = "https://github.com/cargo-bins/cargo-binstall/releases/download/v1.15.9/cargo-binstall-aarch64-unknown-linux-musl.tgz"
url_api = "https://api.github.com/repos/cargo-bins/cargo-binstall/releases/assets/308878477"

[tools.cargo-binstall."platforms.linux-x64"]
checksum = "sha256:4aa0d88fdf39abd7444d3475f3bf4100bc5d498a3113339990a65dd2f9e40255"
url = "https://github.com/cargo-bins/cargo-binstall/releases/download/v1.15.9/cargo-binstall-x86_64-unknown-linux-musl.tgz"
url_api = "https://api.github.com/repos/cargo-bins/cargo-binstall/releases/assets/308878111"

[tools.cargo-binstall."platforms.linux-x64-musl"]
checksum = "sha256:4aa0d88fdf39abd7444d3475f3bf4100bc5d498a3113339990a65dd2f9e40255"
url = "https://github.com/cargo-bins/cargo-binstall/releases/download/v1.15.9/cargo-binstall-x86_64-unknown-linux-musl.tgz"
url_api = "https://api.github.com/repos/cargo-bins/cargo-binstall/releases/assets/308878111"

[tools.cargo-binstall."platforms.macos-arm64"]
checksum = "sha256:4e48568bcbe823e0e5b4d83eb62482a4a3ed6aa796b7522408840e36c2539de4"
url = "https://github.com/cargo-bins/cargo-binstall/releases/download/v1.15.9/cargo-binstall-aarch64-apple-darwin.zip"
url_api = "https://api.github.com/repos/cargo-bins/cargo-binstall/releases/assets/308878494"

[tools.cargo-binstall."platforms.macos-x64"]
checksum = "sha256:65fff2380db46eae64b274cd09492410ae434e254833c1ae2575efe0b054e849"
url = "https://github.com/cargo-bins/cargo-binstall/releases/download/v1.15.9/cargo-binstall-x86_64-apple-darwin.zip"
url_api = "https://api.github.com/repos/cargo-bins/cargo-binstall/releases/assets/308878806"

[tools.cargo-binstall."platforms.windows-x64"]
checksum = "sha256:fc442e874ddb9167a6de8e1d032cce4125e96683682fdd63398aee36396161ae"
url = "https://github.com/cargo-bins/cargo-binstall/releases/download/v1.15.9/cargo-binstall-x86_64-pc-windows-msvc.zip"
url_api = "https://api.github.com/repos/cargo-bins/cargo-binstall/releases/assets/308878799"

[[tools."cargo:cargo-binutils"]]
version = "0.3.6"
backend = "cargo:cargo-binutils"

[[tools.java]]
version = "temurin-25.0.3+9.0.LTS"
backend = "core:java"

[tools.java."platforms.linux-arm64"]
checksum = "sha256:3e4287cb98870ba824ed698854bdc27cff984254caf66dd12cc291e7bfdde26b"
url = "https://github.com/adoptium/temurin25-binaries/releases/download/jdk-25.0.3%2B9/OpenJDK25U-jdk_aarch64_linux_hotspot_25.0.3_9.tar.gz"

[tools.java."platforms.linux-arm64-musl"]
checksum = "sha256:6ed368e93049d3b188c045fce0b20953bbea92fe0614dbbf4d3fd8daad7be3b2"
url = "https://github.com/adoptium/temurin25-binaries/releases/download/jdk-25.0.3%2B9/OpenJDK25U-jdk_aarch64_alpine-linux_hotspot_25.0.3_9.tar.gz"

[tools.java."platforms.linux-x64"]
checksum = "sha256:69264a7a211bf5029830d07bc3370f879769d62ebc5b5488e90c9343a2da0e1f"
url = "https://github.com/adoptium/temurin25-binaries/releases/download/jdk-25.0.3%2B9/OpenJDK25U-jdk_x64_linux_hotspot_25.0.3_9.tar.gz"

[tools.java."platforms.linux-x64-musl"]
checksum = "sha256:51c2415b370aac7c3796b0c4663c8fcf91bc22d76f03df95b25fa5667cb5fdd8"
url = "https://github.com/adoptium/temurin25-binaries/releases/download/jdk-25.0.3%2B9/OpenJDK25U-jdk_x64_alpine-linux_hotspot_25.0.3_9.tar.gz"

[tools.java."platforms.macos-arm64"]
checksum = "sha256:7baab4d69a15554e119b86ff78d40e3fdc28819b5b322955c913cebfe3f6a37c"
url = "https://github.com/adoptium/temurin25-binaries/releases/download/jdk-25.0.3%2B9/OpenJDK25U-jdk_aarch64_mac_hotspot_25.0.3_9.tar.gz"

[tools.java."platforms.macos-x64"]
checksum = "sha256:4c539a18b4d656960ff6766727e9ca546fc17f7a29714dba9e7b47bdcb37c447"
url = "https://github.com/adoptium/temurin25-binaries/releases/download/jdk-25.0.3%2B9/OpenJDK25U-jdk_x64_mac_hotspot_25.0.3_9.tar.gz"

[tools.java."platforms.windows-x64"]
checksum = "sha256:709312cd0420296d9b9de917fe6e28a5b979e875ee5ab91783fb79bcd5857235"
url = "https://github.com/adoptium/temurin25-binaries/releases/download/jdk-25.0.3%2B9/OpenJDK25U-jdk_x64_windows_hotspot_25.0.3_9.zip"
